
Microsoft Visual Studio Solution File, Format Version 12.00
# Visual Studio Version 16
VisualStudioVersion = 16.0.32126.315
MinimumVisualStudioVersion = 10.0.40219.1
Project("{FAE04EC0-301F-11D3-BF4B-00C04F79EFBC}") = "Revit_API_4_2", "Revit_API_4_2\Revit_API_4_2.csproj", "{42822D2F-CD66-44FA-884E-99A9002A353A}"
EndProject
Global
	GlobalSection(SolutionConfigurationPlatforms) = preSolution
		Debug|Any CPU = Debug|Any CPU
		Release|Any CPU = Release|Any CPU
	EndGlobalSection
	GlobalSection(ProjectConfigurationPlatforms) = postSolution
		{42822D2F-CD66-44FA-884E-99A9002A353A}.Debug|Any CPU.ActiveCfg = Debug|Any CPU
		{42822D2F-CD66-44FA-884E-99A9002A353A}.Debug|Any CPU.Build.0 = Debug|Any CPU
		{42822D2F-CD66-44FA-884E-99A9002A353A}.Release|Any CPU.ActiveCfg = Release|Any CPU
		{42822D2F-CD66-44FA-884E-99A9002A353A}.Release|Any CPU.Build.0 = Release|Any CPU
	EndGlobalSection
	GlobalSection(SolutionProperties) = preSolution
		HideSolutionNode = FALSE
	EndGlobalSection
	GlobalSection(ExtensibilityGlobals) = postSolution
		SolutionGuid = {591D5B2D-1167-47CF-9A8F-6449750D173D}
	EndGlobalSection
EndGlobal
